<!-- SPDX-License-Identifier: GPL-3.0-only -->
<Solution>
  <Folder Name="/src/">
    <Project Path="src/KM.Api/KM.Api.csproj" />
    <Project Path="src/KM.Core/KM.Core.csproj" />
    <Project Path="src/KM.Formats/KM.Formats.csproj" />
    <Project Path="src/KM.SV/KM.SV.csproj" />
    <Project Path="src/KM.SwSh/KM.SwSh.csproj" />
    <Project Path="src/KM.Tools/KM.Tools.csproj" />
    <Project Path="src/KM.ZA/KM.ZA.csproj" />
  </Folder>
</Solution>
